
Microsoft Visual Studio Solution File, Format Version 12.00
# Visual Studio Version 16
VisualStudioVersion = 16.0.32002.261
MinimumVisualStudioVersion = 10.0.40219.1
Project("{FAE04EC0-301F-11D3-BF4B-00C04F79EFBC}") = "AirlockScript", "AirlockScript\AirlockScript.csproj", "{B986F28C-7CED-4CF1-B2FE-8939DBBA9ADE}"
EndProject
Global
	GlobalSection(SolutionConfigurationPlatforms) = preSolution
		Debug|x64 = Debug|x64
	EndGlobalSection
	GlobalSection(ProjectConfigurationPlatforms) = postSolution
		{B986F28C-7CED-4CF1-B2FE-8939DBBA9ADE}.Debug|x64.ActiveCfg = Debug|x64
		{B986F28C-7CED-4CF1-B2FE-8939DBBA9ADE}.Debug|x64.Build.0 = Debug|x64
	EndGlobalSection
	GlobalSection(SolutionProperties) = preSolution
		HideSolutionNode = FALSE
	EndGlobalSection
	GlobalSection(ExtensibilityGlobals) = postSolution
		SolutionGuid = {B0F8D42A-9D02-4208-9EFE-D02E30B1B43B}
	EndGlobalSection
EndGlobal
